
Microsoft Visual Studio Solution File, Format Version 12.00
# Visual Studio Version 17
VisualStudioVersion = 17.7.34024.191
MinimumVisualStudioVersion = 10.0.40219.1
Project("{FAE04EC0-301F-11D3-BF4B-00C04F79EFBC}") = "RabotaScraper", "RabotaScraper\RabotaScraper.csproj", "{CA4EFEEF-3BF7-4BDA-BAAD-41B0639F3153}"
EndProject
Global
	GlobalSection(SolutionConfigurationPlatforms) = preSolution
		Debug|Any CPU = Debug|Any CPU
		Release|Any CPU = Release|Any CPU
	EndGlobalSection
	GlobalSection(ProjectConfigurationPlatforms) = postSolution
		{CA4EFEEF-3BF7-4BDA-BAAD-41B0639F3153}.Debug|Any CPU.ActiveCfg = Debug|Any CPU
		{CA4EFEEF-3BF7-4BDA-BAAD-41B0639F3153}.Debug|Any CPU.Build.0 = Debug|Any CPU
		{CA4EFEEF-3BF7-4BDA-BAAD-41B0639F3153}.Release|Any CPU.ActiveCfg = Release|Any CPU
		{CA4EFEEF-3BF7-4BDA-BAAD-41B0639F3153}.Release|Any CPU.Build.0 = Release|Any CPU
	EndGlobalSection
	GlobalSection(SolutionProperties) = preSolution
		HideSolutionNode = FALSE
	EndGlobalSection
	GlobalSection(ExtensibilityGlobals) = postSolution
		SolutionGuid = {33FF4978-FB25-409E-B672-CBABF4C0A74D}
	EndGlobalSection
EndGlobal
